// !$*UTF8*$!
{
	archiveVersion = 1;
	classes = {
	};
	objectVersion = 77;
	objects = {

/* Begin PBXBuildFile section */
		3E8156BF2F9BA1A800D37FC5 /* GRDB in Frameworks */ = {isa = PBXBuildFile; productRef = 39C6F347BBD297A3033F5CEA /* GRDB */; };
		A1B2C3D4E5F60001DEADBEEF /* MLXLLM in Frameworks */ = {isa = PBXBuildFile; productRef = A1B2C3D4E5F60002DEADBEEF /* MLXLLM */; };
		A1B2C3D4E5F60004DEADBEEF /* MLXLMCommon in Frameworks */ = {isa = PBXBuildFile; productRef = A1B2C3D4E5F60005DEADBEEF /* MLXLMCommon */; };
		A1B2C3D4E5F60006DEADBEEF /* MLXHuggingFace in Frameworks */ = {isa = PBXBuildFile; productRef = A1B2C3D4E5F60007DEADBEEF /* MLXHuggingFace */; };
		A1B2C3D4E5F60009DEADBEEF /* Tokenizers in Frameworks */ = {isa = PBXBuildFile; productRef = A1B2C3D4E5F6000ADEADBEEF /* Tokenizers */; };
		ACEK17000000000000000001 /* AncestorKit in Frameworks */ = {isa = PBXBuildFile; productRef = ACEK17000000000000000002 /* AncestorKit */; };
		ACEK17000000000000000004 /* AncestorKitUI in Frameworks */ = {isa = PBXBuildFile; productRef = ACEK17000000000000000005 /* AncestorKitUI */; };
		ACEK17000000000000000007 /* SQLiteData in Frameworks */ = {isa = PBXBuildFile; productRef = ACEK17000000000000000008 /* SQLiteData */; };
		ACVK17000000000000000001 /* AncestorViewerKit in Frameworks */ = {isa = PBXBuildFile; productRef = ACVK17000000000000000002 /* AncestorViewerKit */; };
		ACVK17000000000000000004 /* AncestorKit in Frameworks */ = {isa = PBXBuildFile; productRef = ACVK17000000000000000005 /* AncestorKit */; };
		ACVK17000000000000000006 /* AncestorKitUI in Frameworks */ = {isa = PBXBuildFile; productRef = ACVK17000000000000000007 /* AncestorKitUI */; };
		ACVK17000000000000000008 /* AncestorViewerKit in Frameworks */ = {isa = PBXBuildFile; productRef = ACVK17000000000000000009 /* AncestorViewerKit */; };
/* End PBXBuildFile section */

/* Begin PBXContainerItemProxy section */
		3E81571D2F9BA27400D37FC5 /* PBXContainerItemProxy */ = {
			isa = PBXContainerItemProxy;
			containerPortal = 3E2FD7902F9B89F200491FEB /* Project object */;
			proxyType = 1;
			remoteGlobalIDString = 3E2FD7972F9B89F200491FEB;
			remoteInfo = "Ancestor Research";
		};
/* End PBXContainerItemProxy section */

/* Begin PBXFileReference section */
		3E0467A830000CF4004648DB /* Ancestor-Viewer-TV.app */ = {isa = PBXFileReference; explicitFileType = wrapper.application; includeInIndex = 0; path = "Ancestor-Viewer-TV.app"; sourceTree = BUILT_PRODUCTS_DIR; };
		3E2FD7982F9B89F200491FEB /* Ancestor Research.app */ = {isa = PBXFileReference; explicitFileType = wrapper.application; includeInIndex = 0; path = "Ancestor Research.app"; sourceTree = BUILT_PRODUCTS_DIR; };
		3E8157192F9BA27400D37FC5 /* Ancestor Research Tests.xctest */ = {isa = PBXFileReference; explicitFileType = wrapper.cfbundle; includeInIndex = 0; path = "Ancestor Research Tests.xctest"; sourceTree = BUILT_PRODUCTS_DIR; };
		540C5CCC76287B3809A8A9BD /* Ancestor Research Tests.xctest */ = {isa = PBXFileReference; explicitFileType = wrapper.cfbundle; includeInIndex = 0; path = "Ancestor Research Tests.xctest"; sourceTree = BUILT_PRODUCTS_DIR; };
		C6AAE4AA144FD30A17282AA3 /* Cocoa.framework */ = {isa = PBXFileReference; lastKnownFileType = wrapper.framework; name = Cocoa.framework; path = Platforms/MacOSX.platform/Developer/SDKs/MacOSX15.0.sdk/System/Library/Frameworks/Cocoa.framework; sourceTree = DEVELOPER_DIR; };
/* End PBXFileReference section */

/* Begin PBXFileSystemSynchronizedRootGroup section */
		3E0467A930000CF4004648DB /* Ancestor-Viewer-TV */ = {
			isa = PBXFileSystemSynchronizedRootGroup;
			path = "Ancestor-Viewer-TV";
			sourceTree = "<group>";
		};
		3E2FD79A2F9B89F200491FEB /* Ancestor Research */ = {
			isa = PBXFileSystemSynchronizedRootGroup;
			path = "Ancestor Research";
			sourceTree = "<group>";
		};
		3E81571A2F9BA27400D37FC5 /* Ancestor Research Tests */ = {
			isa = PBXFileSystemSynchronizedRootGroup;
			path = "Ancestor Research Tests";
			sourceTree = "<group>";
		};
/* End PBXFileSystemSynchronizedRootGroup section */

/* Begin PBXFrameworksBuildPhase section */
		3E0467A530000CF4004648DB /* Frameworks */ = {
			isa = PBXFrameworksBuildPhase;
			buildActionMask = 2147483647;
			files = (
				ACVK17000000000000000004 /* AncestorKit in Frameworks */,
				ACVK17000000000000000006 /* AncestorKitUI in Frameworks */,
				ACVK17000000000000000008 /* AncestorViewerKit in Frameworks */,
			);
			runOnlyForDeploymentPostprocessing = 0;
		};
		3E2FD7952F9B89F200491FEB /* Frameworks */ = {
			isa = PBXFrameworksBuildPhase;
			buildActionMask = 2147483647;
			files = (
				ACEK17000000000000000001 /* AncestorKit in Frameworks */,
				ACEK17000000000000000007 /* SQLiteData in Frameworks */,
				ACEK17000000000000000004 /* AncestorKitUI in Frameworks */,
				3E8156BF2F9BA1A800D37FC5 /* GRDB in Frameworks */,
				A1B2C3D4E5F60001DEADBEEF /* MLXLLM in Frameworks */,
				A1B2C3D4E5F60004DEADBEEF /* MLXLMCommon in Frameworks */,
				A1B2C3D4E5F60006DEADBEEF /* MLXHuggingFace in Frameworks */,
				A1B2C3D4E5F60009DEADBEEF /* Tokenizers in Frameworks */,
			);
			runOnlyForDeploymentPostprocessing = 0;
		};
		3E8157162F9BA27400D37FC5 /* Frameworks */ = {
			isa = PBXFrameworksBuildPhase;
			buildActionMask = 2147483647;
			files = (
				ACVK17000000000000000001 /* AncestorViewerKit in Frameworks */,
			);
			runOnlyForDeploymentPostprocessing = 0;
		};
/* End PBXFrameworksBuildPhase section */

/* Begin PBXGroup section */
		3E2FD78F2F9B89F200491FEB = {
			isa = PBXGroup;
			children = (
				3E2FD79A2F9B89F200491FEB /* Ancestor Research */,
				3E81571A2F9BA27400D37FC5 /* Ancestor Research Tests */,
				3E0467A930000CF4004648DB /* Ancestor-Viewer-TV */,
				3E2FD7992F9B89F200491FEB /* Products */,
				686FB74CE7ADF010C2BF4D14 /* Frameworks */,
			);
			sourceTree = "<group>";
		};
		3E2FD7992F9B89F200491FEB /* Products */ = {
			isa = PBXGroup;
			children = (
				3E2FD7982F9B89F200491FEB /* Ancestor Research.app */,
				540C5CCC76287B3809A8A9BD /* Ancestor Research Tests.xctest */,
				3E8157192F9BA27400D37FC5 /* Ancestor Research Tests.xctest */,
				3E0467A830000CF4004648DB /* Ancestor-Viewer-TV.app */,
			);
			name = Products;
			sourceTree = "<group>";
		};
		686FB74CE7ADF010C2BF4D14 /* Frameworks */ = {
			isa = PBXGroup;
			children = (
				916E561E1BAD43CC0696E27E /* OS X */,
			);
			name = Frameworks;
			sourceTree = "<group>";
		};
		916E561E1BAD43CC0696E27E /* OS X */ = {
			isa = PBXGroup;
			children = (
				C6AAE4AA144FD30A17282AA3 /* Cocoa.framework */,
			);
			name = "OS X";
			sourceTree = "<group>";
		};
/* End PBXGroup section */

/* Begin PBXNativeTarget section */
		3E0467A730000CF4004648DB /* Ancestor-Viewer-TV */ = {
			isa = PBXNativeTarget;
			buildConfigurationList = 3E0467B230000CF5004648DB /* Build configuration list for PBXNativeTarget "Ancestor-Viewer-TV" */;
			buildPhases = (
				3E0467A430000CF4004648DB /* Sources */,
				3E0467A530000CF4004648DB /* Frameworks */,
				3E0467A630000CF4004648DB /* Resources */,
			);
			buildRules = (
			);
			dependencies = (
			);
			fileSystemSynchronizedGroups = (
				3E0467A930000CF4004648DB /* Ancestor-Viewer-TV */,
			);
			name = "Ancestor-Viewer-TV";
			packageProductDependencies = (
				ACVK17000000000000000005 /* AncestorKit */,
				ACVK17000000000000000007 /* AncestorKitUI */,
				ACVK17000000000000000009 /* AncestorViewerKit */,
			);
			productName = "Ancestor-Viewer-TV";
			productReference = 3E0467A830000CF4004648DB /* Ancestor-Viewer-TV.app */;
			productType = "com.apple.product-type.application";
		};
		3E2FD7972F9B89F200491FEB /* Ancestor Research */ = {
			isa = PBXNativeTarget;
			buildConfigurationList = 3E2FD7A32F9B89F300491FEB /* Build configuration list for PBXNativeTarget "Ancestor Research" */;
			buildPhases = (
				3E2FD7942F9B89F200491FEB /* Sources */,
				3E2FD7952F9B89F200491FEB /* Frameworks */,
				3E2FD7962F9B89F200491FEB /* Resources */,
			);
			buildRules = (
			);
			dependencies = (
			);
			fileSystemSynchronizedGroups = (
				3E2FD79A2F9B89F200491FEB /* Ancestor Research */,
			);
			name = "Ancestor Research";
			packageProductDependencies = (
				ACEK17000000000000000002 /* AncestorKit */,
				ACEK17000000000000000008 /* SQLiteData */,
				ACEK17000000000000000005 /* AncestorKitUI */,
				39C6F347BBD297A3033F5CEA /* GRDB */,
				A1B2C3D4E5F60002DEADBEEF /* MLXLLM */,
				A1B2C3D4E5F60005DEADBEEF /* MLXLMCommon */,
				A1B2C3D4E5F60007DEADBEEF /* MLXHuggingFace */,
				A1B2C3D4E5F6000ADEADBEEF /* Tokenizers */,
			);
			productName = "Ancestor Research";
			productReference = 3E2FD7982F9B89F200491FEB /* Ancestor Research.app */;
			productType = "com.apple.product-type.application";
		};
		3E8157182F9BA27400D37FC5 /* Ancestor Research Tests */ = {
			isa = PBXNativeTarget;
			buildConfigurationList = 3E8157212F9BA27400D37FC5 /* Build configuration list for PBXNativeTarget "Ancestor Research Tests" */;
			buildPhases = (
				3E8157152F9BA27400D37FC5 /* Sources */,
				3E8157162F9BA27400D37FC5 /* Frameworks */,
				3E8157172F9BA27400D37FC5 /* Resources */,
			);
			buildRules = (
			);
			dependencies = (
				3E81571E2F9BA27400D37FC5 /* PBXTargetDependency */,
			);
			fileSystemSynchronizedGroups = (
				3E81571A2F9BA27400D37FC5 /* Ancestor Research Tests */,
			);
			name = "Ancestor Research Tests";
			packageProductDependencies = (
				ACVK17000000000000000002 /* AncestorViewerKit */,
			);
			productName = "Ancestor Research Tests";
			productReference = 3E8157192F9BA27400D37FC5 /* Ancestor Research Tests.xctest */;
			productType = "com.apple.product-type.bundle.unit-test";
		};
/* End PBXNativeTarget section */

/* Begin PBXProject section */
		3E2FD7902F9B89F200491FEB /* Project object */ = {
			isa = PBXProject;
			attributes = {
				BuildIndependentTargetsInParallel = 1;
				LastSwiftUpdateCheck = 2650;
				LastUpgradeCheck = 2640;
				TargetAttributes = {
					3E0467A730000CF4004648DB = {
						CreatedOnToolsVersion = 26.5;
					};
					3E2FD7972F9B89F200491FEB = {
						CreatedOnToolsVersion = 26.3;
					};
					3E8157182F9BA27400D37FC5 = {
						CreatedOnToolsVersion = 26.3;
						TestTargetID = 3E2FD7972F9B89F200491FEB;
					};
				};
			};
			buildConfigurationList = 3E2FD7932F9B89F200491FEB /* Build configuration list for PBXProject "Ancestor Research" */;
			developmentRegion = en;
			hasScannedForEncodings = 0;
			knownRegions = (
				en,
				Base,
			);
			mainGroup = 3E2FD78F2F9B89F200491FEB;
			minimizedProjectReferenceProxies = 1;
			packageReferences = (
				ACEK17000000000000000006 /* XCRemoteSwiftPackageReference "sqlite-data" */,
				ACEK17000000000000000003 /* XCLocalSwiftPackageReference "AncestorKit" */,
				ACVK17000000000000000003 /* XCLocalSwiftPackageReference "AncestorViewerKit" */,
				23B42F21C1F41CE36B81FD87 /* XCRemoteSwiftPackageReference "GRDB.swift" */,
				A1B2C3D4E5F60003DEADBEEF /* XCRemoteSwiftPackageReference "mlx-swift-lm" */,
				A1B2C3D4E5F60008DEADBEEF /* XCRemoteSwiftPackageReference "swift-transformers" */,
			);
			preferredProjectObjectVersion = 77;
			productRefGroup = 3E2FD7992F9B89F200491FEB /* Products */;
			projectDirPath = "";
			projectRoot = "";
			targets = (
				3E2FD7972F9B89F200491FEB /* Ancestor Research */,
				3E8157182F9BA27400D37FC5 /* Ancestor Research Tests */,
				3E0467A730000CF4004648DB /* Ancestor-Viewer-TV */,
			);
		};
/* End PBXProject section */

/* Begin PBXResourcesBuildPhase section */
		3E0467A630000CF4004648DB /* Resources */ = {
			isa = PBXResourcesBuildPhase;
			buildActionMask = 2147483647;
			files = (
			);
			runOnlyForDeploymentPostprocessing = 0;
		};
		3E2FD7962F9B89F200491FEB /* Resources */ = {
			isa = PBXResourcesBuildPhase;
			buildActionMask = 2147483647;
			files = (
			);
			runOnlyForDeploymentPostprocessing = 0;
		};
		3E8157172F9BA27400D37FC5 /* Resources */ = {
			isa = PBXResourcesBuildPhase;
			buildActionMask = 2147483647;
			files = (
			);
			runOnlyForDeploymentPostprocessing = 0;
		};
/* End PBXResourcesBuildPhase section */

/* Begin PBXSourcesBuildPhase section */
		3E0467A430000CF4004648DB /* Sources */ = {
			isa = PBXSourcesBuildPhase;
			buildActionMask = 2147483647;
			files = (
			);
			runOnlyForDeploymentPostprocessing = 0;
		};
		3E2FD7942F9B89F200491FEB /* Sources */ = {
			isa = PBXSourcesBuildPhase;
			buildActionMask = 2147483647;
			files = (
			);
			runOnlyForDeploymentPostprocessing = 0;
		};
		3E8157152F9BA27400D37FC5 /* Sources */ = {
			isa = PBXSourcesBuildPhase;
			buildActionMask = 2147483647;
			files = (
			);
			runOnlyForDeploymentPostprocessing = 0;
		};
/* End PBXSourcesBuildPhase section */

/* Begin PBXTargetDependency section */
		3E81571E2F9BA27400D37FC5 /* PBXTargetDependency */ = {
			isa = PBXTargetDependency;
			target = 3E2FD7972F9B89F200491FEB /* Ancestor Research */;
			targetProxy = 3E81571D2F9BA27400D37FC5 /* PBXContainerItemProxy */;
		};
/* End PBXTargetDependency section */

/* Begin XCBuildConfiguration section */
		3E0467B030000CF5004648DB /* Debug */ = {
			isa = XCBuildConfiguration;
			buildSettings = {
				ASSETCATALOG_COMPILER_APPICON_NAME = "App Icon & Top Shelf Image";
				ASSETCATALOG_COMPILER_GLOBAL_ACCENT_COLOR_NAME = AccentColor;
				CODE_SIGN_ENTITLEMENTS = "Ancestor-Viewer-TV/Ancestor-Viewer-TV.entitlements";
				CODE_SIGN_STYLE = Automatic;
				CURRENT_PROJECT_VERSION = 1;
				DEVELOPMENT_TEAM = N6BK2WX94Z;
				ENABLE_PREVIEWS = YES;
				GENERATE_INFOPLIST_FILE = YES;
				INFOPLIST_KEY_UILaunchScreen_Generation = YES;
				INFOPLIST_KEY_UIUserInterfaceStyle = Automatic;
				LD_RUNPATH_SEARCH_PATHS = (
					"$(inherited)",
					"@executable_path/Frameworks",
				);
				MARKETING_VERSION = 1.0;
				PRODUCT_BUNDLE_IDENTIFIER = "dev.dreamfold.Ancestor-Viewer-TV";
				PRODUCT_NAME = "$(TARGET_NAME)";
				SDKROOT = appletvos;
				STRING_CATALOG_GENERATE_SYMBOLS = YES;
				SWIFT_ACTIVE_COMPILATION_CONDITIONS = "DEBUG $(inherited)";
				SWIFT_APPROACHABLE_CONCURRENCY = YES;
				SWIFT_DEFAULT_ACTOR_ISOLATION = MainActor;
				SWIFT_EMIT_LOC_STRINGS = YES;
				SWIFT_UPCOMING_FEATURE_MEMBER_IMPORT_VISIBILITY = YES;
				SWIFT_VERSION = 6.0;
				TARGETED_DEVICE_FAMILY = 3;
				TVOS_DEPLOYMENT_TARGET = 26.5;
			};
			name = Debug;
		};
		3E0467B130000CF5004648DB /* Release */ = {
			isa = XCBuildConfiguration;
			buildSettings = {
				ASSETCATALOG_COMPILER_APPICON_NAME = "App Icon & Top Shelf Image";
				ASSETCATALOG_COMPILER_GLOBAL_ACCENT_COLOR_NAME = AccentColor;
				CODE_SIGN_ENTITLEMENTS = "Ancestor-Viewer-TV/Ancestor-Viewer-TV.entitlements";
				CODE_SIGN_STYLE = Automatic;
				CURRENT_PROJECT_VERSION = 1;
				DEVELOPMENT_TEAM = N6BK2WX94Z;
				ENABLE_PREVIEWS = YES;
				GENERATE_INFOPLIST_FILE = YES;
				INFOPLIST_KEY_UILaunchScreen_Generation = YES;
				INFOPLIST_KEY_UIUserInterfaceStyle = Automatic;
				LD_RUNPATH_SEARCH_PATHS = (
					"$(inherited)",
					"@executable_path/Frameworks",
				);
				MARKETING_VERSION = 1.0;
				PRODUCT_BUNDLE_IDENTIFIER = "dev.dreamfold.Ancestor-Viewer-TV";
				PRODUCT_NAME = "$(TARGET_NAME)";
				SDKROOT = appletvos;
				STRING_CATALOG_GENERATE_SYMBOLS = YES;
				SWIFT_APPROACHABLE_CONCURRENCY = YES;
				SWIFT_DEFAULT_ACTOR_ISOLATION = MainActor;
				SWIFT_EMIT_LOC_STRINGS = YES;
				SWIFT_UPCOMING_FEATURE_MEMBER_IMPORT_VISIBILITY = YES;
				SWIFT_VERSION = 6.0;
				TARGETED_DEVICE_FAMILY = 3;
				TVOS_DEPLOYMENT_TARGET = 26.5;
				VALIDATE_PRODUCT = YES;
			};
			name = Release;
		};
		3E2FD7A12F9B89F300491FEB /* Debug */ = {
			isa = XCBuildConfiguration;
			buildSettings = {
				ALWAYS_SEARCH_USER_PATHS = NO;
				ASSETCATALOG_COMPILER_GENERATE_SWIFT_ASSET_SYMBOL_EXTENSIONS = YES;
				CLANG_ANALYZER_NONNULL = YES;
				CLANG_ANALYZER_NUMBER_OBJECT_CONVERSION = YES_AGGRESSIVE;
				CLANG_CXX_LANGUAGE_STANDARD = "gnu++20";
				CLANG_ENABLE_MODULES = YES;
				CLANG_ENABLE_OBJC_ARC = YES;
				CLANG_ENABLE_OBJC_WEAK = YES;
				CLANG_WARN_BLOCK_CAPTURE_AUTORELEASING = YES;
				CLANG_WARN_BOOL_CONVERSION = YES;
				CLANG_WARN_COMMA = YES;
				CLANG_WARN_CONSTANT_CONVERSION = YES;
				CLANG_WARN_DEPRECATED_OBJC_IMPLEMENTATIONS = YES;
				CLANG_WARN_DIRECT_OBJC_ISA_USAGE = YES_ERROR;
				CLANG_WARN_DOCUMENTATION_COMMENTS = YES;
				CLANG_WARN_EMPTY_BODY = YES;
				CLANG_WARN_ENUM_CONVERSION = YES;
				CLANG_WARN_INFINITE_RECURSION = YES;
				CLANG_WARN_INT_CONVERSION = YES;
				CLANG_WARN_NON_LITERAL_NULL_CONVERSION = YES;
				CLANG_WARN_OBJC_IMPLICIT_RETAIN_SELF = YES;
				CLANG_WARN_OBJC_LITERAL_CONVERSION = YES;
				CLANG_WARN_OBJC_ROOT_CLASS = YES_ERROR;
				CLANG_WARN_QUOTED_INCLUDE_IN_FRAMEWORK_HEADER = YES;
				CLANG_WARN_RANGE_LOOP_ANALYSIS = YES;
				CLANG_WARN_STRICT_PROTOTYPES = YES;
				CLANG_WARN_SUSPICIOUS_MOVE = YES;
				CLANG_WARN_UNGUARDED_AVAILABILITY = YES_AGGRESSIVE;
				CLANG_WARN_UNREACHABLE_CODE = YES;
				CLANG_WARN__DUPLICATE_METHOD_MATCH = YES;
				COPY_PHASE_STRIP = NO;
				DEAD_CODE_STRIPPING = YES;
				DEBUG_INFORMATION_FORMAT = dwarf;
				DEVELOPMENT_TEAM = N6BK2WX94Z;
				ENABLE_STRICT_OBJC_MSGSEND = YES;
				ENABLE_TESTABILITY = YES;
				ENABLE_USER_SCRIPT_SANDBOXING = YES;
				GCC_C_LANGUAGE_STANDARD = gnu17;
				GCC_DYNAMIC_NO_PIC = NO;
				GCC_NO_COMMON_BLOCKS = YES;
				GCC_OPTIMIZATION_LEVEL = 0;
				GCC_PREPROCESSOR_DEFINITIONS = (
					"DEBUG=1",
					"$(inherited)",
				);
				GCC_WARN_64_TO_32_BIT_CONVERSION = YES;
				GCC_WARN_ABOUT_RETURN_TYPE = YES_ERROR;
				GCC_WARN_UNDECLARED_SELECTOR = YES;
				GCC_WARN_UNINITIALIZED_AUTOS = YES_AGGRESSIVE;
				GCC_WARN_UNUSED_FUNCTION = YES;
				GCC_WARN_UNUSED_VARIABLE = YES;
				LOCALIZATION_PREFERS_STRING_CATALOGS = YES;
				MACOSX_DEPLOYMENT_TARGET = 26.2;
				MTL_ENABLE_DEBUG_INFO = INCLUDE_SOURCE;
				MTL_FAST_MATH = YES;
				ONLY_ACTIVE_ARCH = YES;
				SDKROOT = macosx;
				STRING_CATALOG_GENERATE_SYMBOLS = YES;
				SWIFT_ACTIVE_COMPILATION_CONDITIONS = "DEBUG AUTOMATION_AUTO_ACCEPT $(inherited)";
				SWIFT_OPTIMIZATION_LEVEL = "-Onone";
			};
			name = Debug;
		};
		3E2FD7A22F9B89F300491FEB /* Release */ = {
			isa = XCBuildConfiguration;
			buildSettings = {
				ALWAYS_SEARCH_USER_PATHS = NO;
				ASSETCATALOG_COMPILER_GENERATE_SWIFT_ASSET_SYMBOL_EXTENSIONS = YES;
				CLANG_ANALYZER_NONNULL = YES;
				CLANG_ANALYZER_NUMBER_OBJECT_CONVERSION = YES_AGGRESSIVE;
				CLANG_CXX_LANGUAGE_STANDARD = "gnu++20";
				CLANG_ENABLE_MODULES = YES;
				CLANG_ENABLE_OBJC_ARC = YES;
				CLANG_ENABLE_OBJC_WEAK = YES;
				CLANG_WARN_BLOCK_CAPTURE_AUTORELEASING = YES;
				CLANG_WARN_BOOL_CONVERSION = YES;
				CLANG_WARN_COMMA = YES;
				CLANG_WARN_CONSTANT_CONVERSION = YES;
				CLANG_WARN_DEPRECATED_OBJC_IMPLEMENTATIONS = YES;
				CLANG_WARN_DIRECT_OBJC_ISA_USAGE = YES_ERROR;
				CLANG_WARN_DOCUMENTATION_COMMENTS = YES;
				CLANG_WARN_EMPTY_BODY = YES;
				CLANG_WARN_ENUM_CONVERSION = YES;
				CLANG_WARN_INFINITE_RECURSION = YES;
				CLANG_WARN_INT_CONVERSION = YES;
				CLANG_WARN_NON_LITERAL_NULL_CONVERSION = YES;
				CLANG_WARN_OBJC_IMPLICIT_RETAIN_SELF = YES;
				CLANG_WARN_OBJC_LITERAL_CONVERSION = YES;
				CLANG_WARN_OBJC_ROOT_CLASS = YES_ERROR;
				CLANG_WARN_QUOTED_INCLUDE_IN_FRAMEWORK_HEADER = YES;
				CLANG_WARN_RANGE_LOOP_ANALYSIS = YES;
				CLANG_WARN_STRICT_PROTOTYPES = YES;
				CLANG_WARN_SUSPICIOUS_MOVE = YES;
				CLANG_WARN_UNGUARDED_AVAILABILITY = YES_AGGRESSIVE;
				CLANG_WARN_UNREACHABLE_CODE = YES;
				CLANG_WARN__DUPLICATE_METHOD_MATCH = YES;
				COPY_PHASE_STRIP = NO;
				DEAD_CODE_STRIPPING = YES;
				DEBUG_INFORMATION_FORMAT = "dwarf-with-dsym";
				DEVELOPMENT_TEAM = N6BK2WX94Z;
				ENABLE_NS_ASSERTIONS = NO;
				ENABLE_STRICT_OBJC_MSGSEND = YES;
				ENABLE_USER_SCRIPT_SANDBOXING = YES;
				GCC_C_LANGUAGE_STANDARD = gnu17;
				GCC_NO_COMMON_BLOCKS = YES;
				GCC_WARN_64_TO_32_BIT_CONVERSION = YES;
				GCC_WARN_ABOUT_RETURN_TYPE = YES_ERROR;
				GCC_WARN_UNDECLARED_SELECTOR = YES;
				GCC_WARN_UNINITIALIZED_AUTOS = YES_AGGRESSIVE;
				GCC_WARN_UNUSED_FUNCTION = YES;
				GCC_WARN_UNUSED_VARIABLE = YES;
				LOCALIZATION_PREFERS_STRING_CATALOGS = YES;
				MACOSX_DEPLOYMENT_TARGET = 26.2;
				MTL_ENABLE_DEBUG_INFO = NO;
				MTL_FAST_MATH = YES;
				SDKROOT = macosx;
				STRING_CATALOG_GENERATE_SYMBOLS = YES;
				SWIFT_COMPILATION_MODE = wholemodule;
			};
			name = Release;
		};
		3E2FD7A42F9B89F300491FEB /* Debug */ = {
			isa = XCBuildConfiguration;
			buildSettings = {
				ASSETCATALOG_COMPILER_APPICON_NAME = AppIcon;
				ASSETCATALOG_COMPILER_GLOBAL_ACCENT_COLOR_NAME = AccentColor;
				CODE_SIGN_ENTITLEMENTS = "Ancestor Research/Ancestor_Research.entitlements";
				CODE_SIGN_STYLE = Automatic;
				COMBINE_HIDPI_IMAGES = YES;
				CURRENT_PROJECT_VERSION = 8;
				DEAD_CODE_STRIPPING = YES;
				DEVELOPMENT_TEAM = N6BK2WX94Z;
				ENABLE_APP_SANDBOX = YES;
				ENABLE_HARDENED_RUNTIME = YES;
				ENABLE_OUTGOING_CONNECTIONS = YES;
				ENABLE_PREVIEWS = YES;
				ENABLE_USER_SELECTED_FILES = readwrite;
				GENERATE_INFOPLIST_FILE = YES;
				INFOPLIST_FILE = Info.plist;
				INFOPLIST_KEY_NSHumanReadableCopyright = "";
				LD_RUNPATH_SEARCH_PATHS = (
					"$(inherited)",
					"@executable_path/../Frameworks",
				);
				MARKETING_VERSION = 1.1;
				PRODUCT_BUNDLE_IDENTIFIER = "dev.dreamfold.Ancestor-Research";
				PRODUCT_NAME = "$(TARGET_NAME)";
				REGISTER_APP_GROUPS = YES;
				STRING_CATALOG_GENERATE_SYMBOLS = YES;
				SWIFT_APPROACHABLE_CONCURRENCY = YES;
				SWIFT_DEFAULT_ACTOR_ISOLATION = MainActor;
				SWIFT_EMIT_LOC_STRINGS = YES;
				SWIFT_UPCOMING_FEATURE_MEMBER_IMPORT_VISIBILITY = YES;
				SWIFT_VERSION = 6.0;
				VERSIONING_SYSTEM = "apple-generic";
			};
			name = Debug;
		};
		3E2FD7A52F9B89F300491FEB /* Release */ = {
			isa = XCBuildConfiguration;
			buildSettings = {
				ASSETCATALOG_COMPILER_APPICON_NAME = AppIcon;
				ASSETCATALOG_COMPILER_GLOBAL_ACCENT_COLOR_NAME = AccentColor;
				CODE_SIGN_ENTITLEMENTS = "Ancestor Research/Ancestor_Research.entitlements";
				CODE_SIGN_STYLE = Automatic;
				COMBINE_HIDPI_IMAGES = YES;
				CURRENT_PROJECT_VERSION = 8;
				DEAD_CODE_STRIPPING = YES;
				DEVELOPMENT_TEAM = N6BK2WX94Z;
				ENABLE_APP_SANDBOX = YES;
				ENABLE_HARDENED_RUNTIME = YES;
				ENABLE_OUTGOING_CONNECTIONS = YES;
				ENABLE_PREVIEWS = YES;
				ENABLE_USER_SELECTED_FILES = readwrite;
				GENERATE_INFOPLIST_FILE = YES;
				INFOPLIST_FILE = Info.plist;
				INFOPLIST_KEY_NSHumanReadableCopyright = "";
				LD_RUNPATH_SEARCH_PATHS = (
					"$(inherited)",
					"@executable_path/../Frameworks",
				);
				MARKETING_VERSION = 1.1;
				PRODUCT_BUNDLE_IDENTIFIER = "dev.dreamfold.Ancestor-Research";
				PRODUCT_NAME = "$(TARGET_NAME)";
				REGISTER_APP_GROUPS = YES;
				STRING_CATALOG_GENERATE_SYMBOLS = YES;
				SWIFT_APPROACHABLE_CONCURRENCY = YES;
				SWIFT_DEFAULT_ACTOR_ISOLATION = MainActor;
				SWIFT_EMIT_LOC_STRINGS = YES;
				SWIFT_UPCOMING_FEATURE_MEMBER_IMPORT_VISIBILITY = YES;
				SWIFT_VERSION = 6.0;
				VERSIONING_SYSTEM = "apple-generic";
			};
			name = Release;
		};
		3E81571F2F9BA27400D37FC5 /* Debug */ = {
			isa = XCBuildConfiguration;
			buildSettings = {
				BUNDLE_LOADER = "$(TEST_HOST)";
				CODE_SIGN_STYLE = Automatic;
				CURRENT_PROJECT_VERSION = 8;
				DEAD_CODE_STRIPPING = YES;
				DEVELOPMENT_TEAM = N6BK2WX94Z;
				GENERATE_INFOPLIST_FILE = YES;
				MARKETING_VERSION = 1.1;
				PRODUCT_BUNDLE_IDENTIFIER = "dev.dreamfold.Ancestor-Research-Tests";
				PRODUCT_NAME = "$(TARGET_NAME)";
				STRING_CATALOG_GENERATE_SYMBOLS = NO;
				SWIFT_APPROACHABLE_CONCURRENCY = YES;
				SWIFT_EMIT_LOC_STRINGS = NO;
				SWIFT_UPCOMING_FEATURE_MEMBER_IMPORT_VISIBILITY = YES;
				SWIFT_VERSION = 5.0;
				TEST_HOST = "$(BUILT_PRODUCTS_DIR)/Ancestor Research.app/$(BUNDLE_EXECUTABLE_FOLDER_PATH)/Ancestor Research";
			};
			name = Debug;
		};
		3E8157202F9BA27400D37FC5 /* Release */ = {
			isa = XCBuildConfiguration;
			buildSettings = {
				BUNDLE_LOADER = "$(TEST_HOST)";
				CODE_SIGN_STYLE = Automatic;
				CURRENT_PROJECT_VERSION = 8;
				DEAD_CODE_STRIPPING = YES;
				DEVELOPMENT_TEAM = N6BK2WX94Z;
				GENERATE_INFOPLIST_FILE = YES;
				MARKETING_VERSION = 1.1;
				PRODUCT_BUNDLE_IDENTIFIER = "dev.dreamfold.Ancestor-Research-Tests";
				PRODUCT_NAME = "$(TARGET_NAME)";
				STRING_CATALOG_GENERATE_SYMBOLS = NO;
				SWIFT_APPROACHABLE_CONCURRENCY = YES;
				SWIFT_EMIT_LOC_STRINGS = NO;
				SWIFT_UPCOMING_FEATURE_MEMBER_IMPORT_VISIBILITY = YES;
				SWIFT_VERSION = 5.0;
				TEST_HOST = "$(BUILT_PRODUCTS_DIR)/Ancestor Research.app/$(BUNDLE_EXECUTABLE_FOLDER_PATH)/Ancestor Research";
			};
			name = Release;
		};
/* End XCBuildConfiguration section */

/* Begin XCConfigurationList section */
		3E0467B230000CF5004648DB /* Build configuration list for PBXNativeTarget "Ancestor-Viewer-TV" */ = {
			isa = XCConfigurationList;
			buildConfigurations = (
				3E0467B030000CF5004648DB /* Debug */,
				3E0467B130000CF5004648DB /* Release */,
			);
			defaultConfigurationIsVisible = 0;
			defaultConfigurationName = Release;
		};
		3E2FD7932F9B89F200491FEB /* Build configuration list for PBXProject "Ancestor Research" */ = {
			isa = XCConfigurationList;
			buildConfigurations = (
				3E2FD7A12F9B89F300491FEB /* Debug */,
				3E2FD7A22F9B89F300491FEB /* Release */,
			);
			defaultConfigurationIsVisible = 0;
			defaultConfigurationName = Release;
		};
		3E2FD7A32F9B89F300491FEB /* Build configuration list for PBXNativeTarget "Ancestor Research" */ = {
			isa = XCConfigurationList;
			buildConfigurations = (
				3E2FD7A42F9B89F300491FEB /* Debug */,
				3E2FD7A52F9B89F300491FEB /* Release */,
			);
			defaultConfigurationIsVisible = 0;
			defaultConfigurationName = Release;
		};
		3E8157212F9BA27400D37FC5 /* Build configuration list for PBXNativeTarget "Ancestor Research Tests" */ = {
			isa = XCConfigurationList;
			buildConfigurations = (
				3E81571F2F9BA27400D37FC5 /* Debug */,
				3E8157202F9BA27400D37FC5 /* Release */,
			);
			defaultConfigurationIsVisible = 0;
			defaultConfigurationName = Release;
		};
/* End XCConfigurationList section */

/* Begin XCLocalSwiftPackageReference section */
		ACEK17000000000000000003 /* XCLocalSwiftPackageReference "AncestorKit" */ = {
			isa = XCLocalSwiftPackageReference;
			relativePath = AncestorKit;
		};
		ACVK17000000000000000003 /* XCLocalSwiftPackageReference "AncestorViewerKit" */ = {
			isa = XCLocalSwiftPackageReference;
			relativePath = AncestorViewerKit;
		};
/* End XCLocalSwiftPackageReference section */

/* Begin XCRemoteSwiftPackageReference section */
		23B42F21C1F41CE36B81FD87 /* XCRemoteSwiftPackageReference "GRDB.swift" */ = {
			isa = XCRemoteSwiftPackageReference;
			repositoryURL = "https://github.com/groue/GRDB.swift.git";
			requirement = {
				kind = upToNextMajorVersion;
				minimumVersion = 7.0.0;
			};
		};
		A1B2C3D4E5F60003DEADBEEF /* XCRemoteSwiftPackageReference "mlx-swift-lm" */ = {
			isa = XCRemoteSwiftPackageReference;
			repositoryURL = "https://github.com/ml-explore/mlx-swift-lm.git";
			requirement = {
				kind = upToNextMajorVersion;
				minimumVersion = 3.31.3;
			};
		};
		A1B2C3D4E5F60008DEADBEEF /* XCRemoteSwiftPackageReference "swift-transformers" */ = {
			isa = XCRemoteSwiftPackageReference;
			repositoryURL = "https://github.com/huggingface/swift-transformers.git";
			requirement = {
				kind = upToNextMajorVersion;
				minimumVersion = 1.3.0;
			};
		};
		ACEK17000000000000000006 /* XCRemoteSwiftPackageReference "sqlite-data" */ = {
			isa = XCRemoteSwiftPackageReference;
			repositoryURL = "https://github.com/pointfreeco/sqlite-data";
			requirement = {
				kind = exactVersion;
				version = 1.6.6;
			};
		};
/* End XCRemoteSwiftPackageReference section */

/* Begin XCSwiftPackageProductDependency section */
		39C6F347BBD297A3033F5CEA /* GRDB */ = {
			isa = XCSwiftPackageProductDependency;
			package = 23B42F21C1F41CE36B81FD87 /* XCRemoteSwiftPackageReference "GRDB.swift" */;
			productName = GRDB;
		};
		A1B2C3D4E5F60002DEADBEEF /* MLXLLM */ = {
			isa = XCSwiftPackageProductDependency;
			package = A1B2C3D4E5F60003DEADBEEF /* XCRemoteSwiftPackageReference "mlx-swift-lm" */;
			productName = MLXLLM;
		};
		A1B2C3D4E5F60005DEADBEEF /* MLXLMCommon */ = {
			isa = XCSwiftPackageProductDependency;
			package = A1B2C3D4E5F60003DEADBEEF /* XCRemoteSwiftPackageReference "mlx-swift-lm" */;
			productName = MLXLMCommon;
		};
		A1B2C3D4E5F60007DEADBEEF /* MLXHuggingFace */ = {
			isa = XCSwiftPackageProductDependency;
			package = A1B2C3D4E5F60003DEADBEEF /* XCRemoteSwiftPackageReference "mlx-swift-lm" */;
			productName = MLXHuggingFace;
		};
		A1B2C3D4E5F6000ADEADBEEF /* Tokenizers */ = {
			isa = XCSwiftPackageProductDependency;
			package = A1B2C3D4E5F60008DEADBEEF /* XCRemoteSwiftPackageReference "swift-transformers" */;
			productName = Tokenizers;
		};
		ACEK17000000000000000002 /* AncestorKit */ = {
			isa = XCSwiftPackageProductDependency;
			productName = AncestorKit;
		};
		ACEK17000000000000000005 /* AncestorKitUI */ = {
			isa = XCSwiftPackageProductDependency;
			productName = AncestorKitUI;
		};
		ACEK17000000000000000008 /* SQLiteData */ = {
			isa = XCSwiftPackageProductDependency;
			package = ACEK17000000000000000006 /* XCRemoteSwiftPackageReference "sqlite-data" */;
			productName = SQLiteData;
		};
		ACVK17000000000000000002 /* AncestorViewerKit */ = {
			isa = XCSwiftPackageProductDependency;
			productName = AncestorViewerKit;
		};
		ACVK17000000000000000005 /* AncestorKit */ = {
			isa = XCSwiftPackageProductDependency;
			productName = AncestorKit;
		};
		ACVK17000000000000000007 /* AncestorKitUI */ = {
			isa = XCSwiftPackageProductDependency;
			productName = AncestorKitUI;
		};
		ACVK17000000000000000009 /* AncestorViewerKit */ = {
			isa = XCSwiftPackageProductDependency;
			productName = AncestorViewerKit;
		};
/* End XCSwiftPackageProductDependency section */
	};
	rootObject = 3E2FD7902F9B89F200491FEB /* Project object */;
}
